
Microsoft Visual Studio Solution File, Format Version 12.00
# Visual Studio Version 17
VisualStudioVersion = 17.4.33122.133
MinimumVisualStudioVersion = 10.0.40219.1
Project("{FAE04EC0-301F-11D3-BF4B-00C04F79EFBC}") = "IntegerWebApplication", "IntegerWebApplication\IntegerWebApplication.csproj", "{D697F049-CE29-486E-9A19-8A282B03A077}"
EndProject
Global
	GlobalSection(SolutionConfigurationPlatforms) = preSolution
		Debug|Any CPU = Debug|Any CPU
		Release|Any CPU = Release|Any CPU
	EndGlobalSection
	GlobalSection(ProjectConfigurationPlatforms) = postSolution
		{D697F049-CE29-486E-9A19-8A282B03A077}.Debug|Any CPU.ActiveCfg = Debug|Any CPU
		{D697F049-CE29-486E-9A19-8A282B03A077}.Debug|Any CPU.Build.0 = Debug|Any CPU
		{D697F049-CE29-486E-9A19-8A282B03A077}.Release|Any CPU.ActiveCfg = Release|Any CPU
		{D697F049-CE29-486E-9A19-8A282B03A077}.Release|Any CPU.Build.0 = Release|Any CPU
	EndGlobalSection
	GlobalSection(SolutionProperties) = preSolution
		HideSolutionNode = FALSE
	EndGlobalSection
	GlobalSection(ExtensibilityGlobals) = postSolution
		SolutionGuid = {29B0E794-08C8-4072-8EE9-C1CA08B75990}
	EndGlobalSection
EndGlobal
